
Microsoft Visual Studio Solution File, Format Version 12.00
# Visual Studio Version 17
VisualStudioVersion = 17.9.34622.214
MinimumVisualStudioVersion = 10.0.40219.1
Project("{D2ABAB84-BF74-430A-B69E-9DC6D40DDA17}") = "BIS.SSAS.12938", "BIS.SSAS.12938\BIS.SSAS.12938.dwproj", "{3753B29F-8C8A-41FF-B80D-096E810DE9BB}"
EndProject
Global
	GlobalSection(SolutionConfigurationPlatforms) = preSolution
		Development|Default = Development|Default
	EndGlobalSection
	GlobalSection(ProjectConfigurationPlatforms) = postSolution
		{3753B29F-8C8A-41FF-B80D-096E810DE9BB}.Development|Default.ActiveCfg = Development
		{3753B29F-8C8A-41FF-B80D-096E810DE9BB}.Development|Default.Build.0 = Development
		{3753B29F-8C8A-41FF-B80D-096E810DE9BB}.Development|Default.Deploy.0 = Development
	EndGlobalSection
	GlobalSection(SolutionProperties) = preSolution
		HideSolutionNode = FALSE
	EndGlobalSection
	GlobalSection(ExtensibilityGlobals) = postSolution
		SolutionGuid = {1411414B-D929-4659-AF11-06B5AEAB5114}
	EndGlobalSection
EndGlobal
